{
  "version": 4,
  "terraform_version": "0.12.31",
  "serial": 44,
  "lineage": "e0ea555a-0b45-f0c1-5a1e-9d53367aaff3",
  "outputs": {
    "ip": {
      "value": "34.82.102.121",
      "type": "string"
    },
    "name": {
      "value": "flask-vm-f06cdef0f9f29eb2",
      "type": "string"
    }
  },
  "resources": [
    {
      "mode": "managed",
      "type": "google_compute_firewall",
      "name": "default",
      "provider": "provider.google",
      "instances": [
        {
          "schema_version": 1,
          "attributes": {
            "allow": [
              {
                "ports": [
                  "5000"
                ],
                "protocol": "tcp"
              }
            ],
            "creation_timestamp": "2022-02-25T15:12:10.518-08:00",
            "deny": [],
            "description": "",
            "destination_ranges": [],
            "direction": "INGRESS",
            "disabled": false,
            "enable_logging": null,
            "id": "projects/flask-app-342402/global/firewalls/flask-app-firewall",
            "log_config": [],
            "name": "flask-app-firewall",
            "network": "https://www.googleapis.com/compute/v1/projects/flask-app-342402/global/networks/default",
            "priority": 1000,
            "project": "flask-app-342402",
            "self_link": "https://www.googleapis.com/compute/v1/projects/flask-app-342402/global/firewalls/flask-app-firewall",
            "source_ranges": [
              "0.0.0.0/0"
            ],
            "source_service_accounts": null,
            "source_tags": null,
            "target_service_accounts": null,
            "target_tags": null,
            "timeouts": null
          },
          "private": "eyJlMmJmYjczMC1lY2FhLTExZTYtOGY4OC0zNDM2M2JjN2M0YzAiOnsiY3JlYXRlIjoxMjAwMDAwMDAwMDAwLCJkZWxldGUiOjEyMDAwMDAwMDAwMDAsInVwZGF0ZSI6MTIwMDAwMDAwMDAwMH0sInNjaGVtYV92ZXJzaW9uIjoiMSJ9"
        }
      ]
    },
    {
      "mode": "managed",
      "type": "google_compute_instance",
      "name": "default",
      "provider": "provider.google",
      "instances": [
        {
          "schema_version": 6,
          "attributes": {
            "advanced_machine_features": [],
            "allow_stopping_for_update": null,
            "attached_disk": [],
            "boot_disk": [
              {
                "auto_delete": true,
                "device_name": "persistent-disk-0",
                "disk_encryption_key_raw": "",
                "disk_encryption_key_sha256": "",
                "initialize_params": [
                  {
                    "image": "https://www.googleapis.com/compute/v1/projects/debian-cloud/global/images/debian-9-stretch-v20220118",
                    "labels": {},
                    "size": 10,
                    "type": "pd-standard"
                  }
                ],
                "kms_key_self_link": "",
                "mode": "READ_WRITE",
                "source": "https://www.googleapis.com/compute/v1/projects/flask-app-342402/zones/us-west1-a/disks/flask-vm-f06cdef0f9f29eb2"
              }
            ],
            "can_ip_forward": false,
            "confidential_instance_config": [],
            "cpu_platform": "Intel Broadwell",
            "current_status": "RUNNING",
            "deletion_protection": false,
            "description": "",
            "desired_status": null,
            "enable_display": false,
            "guest_accelerator": [],
            "hostname": "",
            "id": "projects/flask-app-342402/zones/us-west1-a/instances/flask-vm-f06cdef0f9f29eb2",
            "instance_id": "8340771718280043684",
            "label_fingerprint": "42WmSpB8rSM=",
            "labels": null,
            "machine_type": "f1-micro",
            "metadata": null,
            "metadata_fingerprint": "Fua5HhY_I3g=",
            "metadata_startup_script": "sudo apt-get update; sudo apt-get install -yq build-essential python-pip rsync; pip install flask; sudo apt-get install postgresql-client",
            "min_cpu_platform": "",
            "name": "flask-vm-f06cdef0f9f29eb2",
            "network_interface": [
              {
                "access_config": [
                  {
                    "nat_ip": "34.82.102.121",
                    "network_tier": "PREMIUM",
                    "public_ptr_domain_name": ""
                  }
                ],
                "alias_ip_range": [],
                "ipv6_access_config": [],
                "ipv6_access_type": "",
                "name": "nic0",
                "network": "https://www.googleapis.com/compute/v1/projects/flask-app-342402/global/networks/default",
                "network_ip": "10.138.0.15",
                "nic_type": "",
                "queue_count": 0,
                "stack_type": "IPV4_ONLY",
                "subnetwork": "https://www.googleapis.com/compute/v1/projects/flask-app-342402/regions/us-west1/subnetworks/default",
                "subnetwork_project": "flask-app-342402"
              }
            ],
            "project": "flask-app-342402",
            "reservation_affinity": [],
            "resource_policies": null,
            "scheduling": [
              {
                "automatic_restart": true,
                "min_node_cpus": 0,
                "node_affinities": [],
                "on_host_maintenance": "MIGRATE",
                "preemptible": false
              }
            ],
            "scratch_disk": [],
            "self_link": "https://www.googleapis.com/compute/v1/projects/flask-app-342402/zones/us-west1-a/instances/flask-vm-f06cdef0f9f29eb2",
            "service_account": [],
            "shielded_instance_config": [],
            "tags": null,
            "tags_fingerprint": "42WmSpB8rSM=",
            "timeouts": null,
            "zone": "us-west1-a"
          },
          "private": "eyJlMmJmYjczMC1lY2FhLTExZTYtOGY4OC0zNDM2M2JjN2M0YzAiOnsiY3JlYXRlIjoxMjAwMDAwMDAwMDAwLCJkZWxldGUiOjEyMDAwMDAwMDAwMDAsInVwZGF0ZSI6MTIwMDAwMDAwMDAwMH0sInNjaGVtYV92ZXJzaW9uIjoiNiJ9",
          "dependencies": [
            "random_id.instance_id"
          ]
        }
      ]
    },
    {
      "mode": "managed",
      "type": "random_id",
      "name": "instance_id",
      "provider": "provider.random",
      "instances": [
        {
          "schema_version": 0,
          "attributes": {
            "b64_std": "8Gze8PnynrI=",
            "b64_url": "8Gze8PnynrI",
            "byte_length": 8,
            "dec": "17324466993154399922",
            "hex": "f06cdef0f9f29eb2",
            "id": "8Gze8PnynrI",
            "keepers": null,
            "prefix": null
          },
          "private": "bnVsbA=="
        }
      ]
    }
  ]
}
